
Microsoft Visual Studio Solution File, Format Version 12.00
# Visual Studio Version 17
VisualStudioVersion = 17.14.37710.0 d17.14
MinimumVisualStudioVersion = 10.0.40219.1
Project("{FAE04EC0-301F-11D3-BF4B-00C04F79EFBC}") = "Trabajo Practico 2 - Ejercicio 2", "Trabajo Practico 2 - Ejercicio 2\Trabajo Practico 2 - Ejercicio 2.csproj", "{407153FA-EBA4-4B13-9621-3852C2A04FF3}"
EndProject
Global
	GlobalSection(SolutionConfigurationPlatforms) = preSolution
		Debug|Any CPU = Debug|Any CPU
		Release|Any CPU = Release|Any CPU
	EndGlobalSection
	GlobalSection(ProjectConfigurationPlatforms) = postSolution
		{407153FA-EBA4-4B13-9621-3852C2A04FF3}.Debug|Any CPU.ActiveCfg = Debug|Any CPU
		{407153FA-EBA4-4B13-9621-3852C2A04FF3}.Debug|Any CPU.Build.0 = Debug|Any CPU
		{407153FA-EBA4-4B13-9621-3852C2A04FF3}.Release|Any CPU.ActiveCfg = Release|Any CPU
		{407153FA-EBA4-4B13-9621-3852C2A04FF3}.Release|Any CPU.Build.0 = Release|Any CPU
	EndGlobalSection
	GlobalSection(SolutionProperties) = preSolution
		HideSolutionNode = FALSE
	EndGlobalSection
	GlobalSection(ExtensibilityGlobals) = postSolution
		SolutionGuid = {627B5AC4-0E24-4BDB-9D41-84F0D3408231}
	EndGlobalSection
EndGlobal
