
Microsoft Visual Studio Solution File, Format Version 12.00
# Visual Studio Version 17
VisualStudioVersion = 17.5.33627.172
MinimumVisualStudioVersion = 10.0.40219.1
Project("{FAE04EC0-301F-11D3-BF4B-00C04F79EFBC}") = "Tp2Ej5", "Tp2Ej5\Tp2Ej5.csproj", "{AE736DB2-9FF3-4A80-9C63-3CD53D0BF13B}"
EndProject
Global
	GlobalSection(SolutionConfigurationPlatforms) = preSolution
		Debug|Any CPU = Debug|Any CPU
		Release|Any CPU = Release|Any CPU
	EndGlobalSection
	GlobalSection(ProjectConfigurationPlatforms) = postSolution
		{AE736DB2-9FF3-4A80-9C63-3CD53D0BF13B}.Debug|Any CPU.ActiveCfg = Debug|Any CPU
		{AE736DB2-9FF3-4A80-9C63-3CD53D0BF13B}.Debug|Any CPU.Build.0 = Debug|Any CPU
		{AE736DB2-9FF3-4A80-9C63-3CD53D0BF13B}.Release|Any CPU.ActiveCfg = Release|Any CPU
		{AE736DB2-9FF3-4A80-9C63-3CD53D0BF13B}.Release|Any CPU.Build.0 = Release|Any CPU
	EndGlobalSection
	GlobalSection(SolutionProperties) = preSolution
		HideSolutionNode = FALSE
	EndGlobalSection
	GlobalSection(ExtensibilityGlobals) = postSolution
		SolutionGuid = {6D599D81-684C-4088-BE3D-9917F7B42266}
	EndGlobalSection
EndGlobal
