
Microsoft Visual Studio Solution File, Format Version 12.00
# Visual Studio Version 17
VisualStudioVersion = 17.5.33627.172
MinimumVisualStudioVersion = 10.0.40219.1
Project("{FAE04EC0-301F-11D3-BF4B-00C04F79EFBC}") = "Tp2Ej7", "Tp2Ej7\Tp2Ej7.csproj", "{88FD16E3-D05B-4961-A40A-3FF6F8F1988D}"
EndProject
Global
	GlobalSection(SolutionConfigurationPlatforms) = preSolution
		Debug|Any CPU = Debug|Any CPU
		Release|Any CPU = Release|Any CPU
	EndGlobalSection
	GlobalSection(ProjectConfigurationPlatforms) = postSolution
		{88FD16E3-D05B-4961-A40A-3FF6F8F1988D}.Debug|Any CPU.ActiveCfg = Debug|Any CPU
		{88FD16E3-D05B-4961-A40A-3FF6F8F1988D}.Debug|Any CPU.Build.0 = Debug|Any CPU
		{88FD16E3-D05B-4961-A40A-3FF6F8F1988D}.Release|Any CPU.ActiveCfg = Release|Any CPU
		{88FD16E3-D05B-4961-A40A-3FF6F8F1988D}.Release|Any CPU.Build.0 = Release|Any CPU
	EndGlobalSection
	GlobalSection(SolutionProperties) = preSolution
		HideSolutionNode = FALSE
	EndGlobalSection
	GlobalSection(ExtensibilityGlobals) = postSolution
		SolutionGuid = {AEC7A8DF-6137-4E43-B718-416B83CBDDED}
	EndGlobalSection
EndGlobal
