
Microsoft Visual Studio Solution File, Format Version 12.00
# Visual Studio Version 17
VisualStudioVersion = 17.14.37301.10 d17.14
MinimumVisualStudioVersion = 10.0.40219.1
Project("{FAE04EC0-301F-11D3-BF4B-00C04F79EFBC}") = "PROGRAMACION EJERCICIO N2", "PROGRAMACION EJERCICIO N2\PROGRAMACION EJERCICIO N2.csproj", "{51B494A1-10A7-4A82-A9EC-75FF01A0D740}"
EndProject
Global
	GlobalSection(SolutionConfigurationPlatforms) = preSolution
		Debug|Any CPU = Debug|Any CPU
		Release|Any CPU = Release|Any CPU
	EndGlobalSection
	GlobalSection(ProjectConfigurationPlatforms) = postSolution
		{51B494A1-10A7-4A82-A9EC-75FF01A0D740}.Debug|Any CPU.ActiveCfg = Debug|Any CPU
		{51B494A1-10A7-4A82-A9EC-75FF01A0D740}.Debug|Any CPU.Build.0 = Debug|Any CPU
		{51B494A1-10A7-4A82-A9EC-75FF01A0D740}.Release|Any CPU.ActiveCfg = Release|Any CPU
		{51B494A1-10A7-4A82-A9EC-75FF01A0D740}.Release|Any CPU.Build.0 = Release|Any CPU
	EndGlobalSection
	GlobalSection(SolutionProperties) = preSolution
		HideSolutionNode = FALSE
	EndGlobalSection
	GlobalSection(ExtensibilityGlobals) = postSolution
		SolutionGuid = {24F6F035-5C5C-4489-A212-CA7C226BB6FA}
	EndGlobalSection
EndGlobal
