
Microsoft Visual Studio Solution File, Format Version 12.00
# Visual Studio Version 17
VisualStudioVersion = 17.14.37301.10 d17.14
MinimumVisualStudioVersion = 10.0.40219.1
Project("{FAE04EC0-301F-11D3-BF4B-00C04F79EFBC}") = "EJERCICIO 10", "EJERCICIO 10\EJERCICIO 10.csproj", "{240ABF14-63F3-4DD6-BA77-33D2F56B1F92}"
EndProject
Global
	GlobalSection(SolutionConfigurationPlatforms) = preSolution
		Debug|Any CPU = Debug|Any CPU
		Release|Any CPU = Release|Any CPU
	EndGlobalSection
	GlobalSection(ProjectConfigurationPlatforms) = postSolution
		{240ABF14-63F3-4DD6-BA77-33D2F56B1F92}.Debug|Any CPU.ActiveCfg = Debug|Any CPU
		{240ABF14-63F3-4DD6-BA77-33D2F56B1F92}.Debug|Any CPU.Build.0 = Debug|Any CPU
		{240ABF14-63F3-4DD6-BA77-33D2F56B1F92}.Release|Any CPU.ActiveCfg = Release|Any CPU
		{240ABF14-63F3-4DD6-BA77-33D2F56B1F92}.Release|Any CPU.Build.0 = Release|Any CPU
	EndGlobalSection
	GlobalSection(SolutionProperties) = preSolution
		HideSolutionNode = FALSE
	EndGlobalSection
	GlobalSection(ExtensibilityGlobals) = postSolution
		SolutionGuid = {208E3898-CBD1-4D43-8A53-EBEC7A1FDADD}
	EndGlobalSection
EndGlobal
