
Microsoft Visual Studio Solution File, Format Version 12.00
# Visual Studio Version 17
VisualStudioVersion = 17.5.33627.172
MinimumVisualStudioVersion = 10.0.40219.1
Project("{FAE04EC0-301F-11D3-BF4B-00C04F79EFBC}") = "Tp2Ej1", "Tp2Ej1\Tp2Ej1.csproj", "{3E18D925-F59A-496B-9CB6-05AD13DE4479}"
EndProject
Global
	GlobalSection(SolutionConfigurationPlatforms) = preSolution
		Debug|Any CPU = Debug|Any CPU
		Release|Any CPU = Release|Any CPU
	EndGlobalSection
	GlobalSection(ProjectConfigurationPlatforms) = postSolution
		{3E18D925-F59A-496B-9CB6-05AD13DE4479}.Debug|Any CPU.ActiveCfg = Debug|Any CPU
		{3E18D925-F59A-496B-9CB6-05AD13DE4479}.Debug|Any CPU.Build.0 = Debug|Any CPU
		{3E18D925-F59A-496B-9CB6-05AD13DE4479}.Release|Any CPU.ActiveCfg = Release|Any CPU
		{3E18D925-F59A-496B-9CB6-05AD13DE4479}.Release|Any CPU.Build.0 = Release|Any CPU
	EndGlobalSection
	GlobalSection(SolutionProperties) = preSolution
		HideSolutionNode = FALSE
	EndGlobalSection
	GlobalSection(ExtensibilityGlobals) = postSolution
		SolutionGuid = {6228D227-6AC2-43FD-9553-E7C60A345378}
	EndGlobalSection
EndGlobal
